
Microsoft Visual Studio Solution File, Format Version 12.00
# Visual Studio Version 16
VisualStudioVersion = 16.0.28922.388
MinimumVisualStudioVersion = 10.0.40219.1
Project("{9A19103F-16F7-4668-BE54-9A1E7A4F7556}") = "BasilTest", "BasilTest\BasilTest.csproj", "{C053EB9E-6A39-40BD-9904-5D7F3510A0CB}"
EndProject
Project("{9A19103F-16F7-4668-BE54-9A1E7A4F7556}") = "Herbal3d.CommonEntitiesUtil", "..\HerbalCommonEntitiesCS\CommonEntitiesUtil\Herbal3d.CommonEntitiesUtil.csproj", "{83214537-B3A7-462A-9206-4023A886E272}"
EndProject
Project("{9A19103F-16F7-4668-BE54-9A1E7A4F7556}") = "OMV.Pieces", "..\HerbalCommonEntitiesCS\OMV.Pieces\OMV.Pieces.csproj", "{44B404D1-9874-4133-9DDF-214267C83322}"
EndProject
Project("{9A19103F-16F7-4668-BE54-9A1E7A4F7556}") = "Herbal3d.HerbalTransportCS", "..\HerbalTransportCS\HerbalTransportCS\Herbal3d.HerbalTransportCS.csproj", "{B51A4EC5-613F-4BB6-BF4A-AB01E6F27F9C}"
EndProject
Global
	GlobalSection(SolutionConfigurationPlatforms) = preSolution
		Debug|Any CPU = Debug|Any CPU
		Release|Any CPU = Release|Any CPU
	EndGlobalSection
	GlobalSection(ProjectConfigurationPlatforms) = postSolution
		{C053EB9E-6A39-40BD-9904-5D7F3510A0CB}.Debug|Any CPU.ActiveCfg = Debug|Any CPU
		{C053EB9E-6A39-40BD-9904-5D7F3510A0CB}.Debug|Any CPU.Build.0 = Debug|Any CPU
		{C053EB9E-6A39-40BD-9904-5D7F3510A0CB}.Release|Any CPU.ActiveCfg = Release|Any CPU
		{C053EB9E-6A39-40BD-9904-5D7F3510A0CB}.Release|Any CPU.Build.0 = Release|Any CPU
<<<<<<< HEAD
		{F7290ED2-0000-0000-0000-000000000000}.Debug|Any CPU.ActiveCfg = Debug|Any CPU
		{F7290ED2-0000-0000-0000-000000000000}.Debug|Any CPU.Build.0 = Debug|Any CPU
		{F7290ED2-0000-0000-0000-000000000000}.Release|Any CPU.ActiveCfg = Release|Any CPU
		{F7290ED2-0000-0000-0000-000000000000}.Release|Any CPU.Build.0 = Release|Any CPU
		{CD57AD69-0000-0000-0000-000000000000}.Debug|Any CPU.ActiveCfg = Debug|Any CPU
		{CD57AD69-0000-0000-0000-000000000000}.Debug|Any CPU.Build.0 = Debug|Any CPU
		{CD57AD69-0000-0000-0000-000000000000}.Release|Any CPU.ActiveCfg = Release|Any CPU
		{CD57AD69-0000-0000-0000-000000000000}.Release|Any CPU.Build.0 = Release|Any CPU
		{59F9BD1D-0000-0000-0000-000000000000}.Debug|Any CPU.ActiveCfg = Debug|Any CPU
		{59F9BD1D-0000-0000-0000-000000000000}.Debug|Any CPU.Build.0 = Debug|Any CPU
		{59F9BD1D-0000-0000-0000-000000000000}.Release|Any CPU.ActiveCfg = Release|Any CPU
		{59F9BD1D-0000-0000-0000-000000000000}.Release|Any CPU.Build.0 = Release|Any CPU
=======
		{83214537-B3A7-462A-9206-4023A886E272}.Debug|Any CPU.ActiveCfg = Debug|Any CPU
		{83214537-B3A7-462A-9206-4023A886E272}.Debug|Any CPU.Build.0 = Debug|Any CPU
		{83214537-B3A7-462A-9206-4023A886E272}.Release|Any CPU.ActiveCfg = Release|Any CPU
		{83214537-B3A7-462A-9206-4023A886E272}.Release|Any CPU.Build.0 = Release|Any CPU
		{44B404D1-9874-4133-9DDF-214267C83322}.Debug|Any CPU.ActiveCfg = Debug|Any CPU
		{44B404D1-9874-4133-9DDF-214267C83322}.Debug|Any CPU.Build.0 = Debug|Any CPU
		{44B404D1-9874-4133-9DDF-214267C83322}.Release|Any CPU.ActiveCfg = Release|Any CPU
		{44B404D1-9874-4133-9DDF-214267C83322}.Release|Any CPU.Build.0 = Release|Any CPU
		{B51A4EC5-613F-4BB6-BF4A-AB01E6F27F9C}.Debug|Any CPU.ActiveCfg = Debug|Any CPU
		{B51A4EC5-613F-4BB6-BF4A-AB01E6F27F9C}.Debug|Any CPU.Build.0 = Debug|Any CPU
		{B51A4EC5-613F-4BB6-BF4A-AB01E6F27F9C}.Release|Any CPU.ActiveCfg = Release|Any CPU
		{B51A4EC5-613F-4BB6-BF4A-AB01E6F27F9C}.Release|Any CPU.Build.0 = Release|Any CPU
>>>>>>> 1a4b711705b2c1090b75728b17f57952dbae0074
	EndGlobalSection
	GlobalSection(SolutionProperties) = preSolution
		HideSolutionNode = FALSE
	EndGlobalSection
	GlobalSection(ExtensibilityGlobals) = postSolution
		SolutionGuid = {B6AE2C60-C2FD-4846-AE59-8F0EC182E392}
	EndGlobalSection
EndGlobal
